{
  "version": 4,
  "terraform_version": "1.3.7",
  "serial": 24,
  "lineage": "eb8b03c7-c8bd-0f23-590e-acbb41a629da",
  "outputs": {
    "terraform-first-repo-url": {
      "value": "https://github.com/muhammad-asghar-ali/first-repo-from-terraform",
      "type": "string"
    }
  },
  "resources": [
    {
      "mode": "managed",
      "type": "github_repository",
      "name": "terraform-first-repo",
      "provider": "provider[\"registry.terraform.io/hashicorp/github\"]",
      "instances": [
        {
          "schema_version": 1,
          "attributes": {
            "allow_auto_merge": false,
            "allow_merge_commit": true,
            "allow_rebase_merge": true,
            "allow_squash_merge": true,
            "allow_update_branch": false,
            "archive_on_destroy": null,
            "archived": false,
            "auto_init": true,
            "default_branch": "main",
            "delete_branch_on_merge": false,
            "description": "first-repo-from-terraform",
            "etag": "W/\"0bb26e88177bc97cf49f3270d325dbfc368618fd3ddefd70c1a8a289a2c9b7a1\"",
            "full_name": "muhammad-asghar-ali/first-repo-from-terraform",
            "git_clone_url": "git://github.com/muhammad-asghar-ali/first-repo-from-terraform.git",
            "gitignore_template": null,
            "has_discussions": false,
            "has_downloads": false,
            "has_issues": false,
            "has_projects": false,
            "has_wiki": false,
            "homepage_url": "",
            "html_url": "https://github.com/muhammad-asghar-ali/first-repo-from-terraform",
            "http_clone_url": "https://github.com/muhammad-asghar-ali/first-repo-from-terraform.git",
            "id": "first-repo-from-terraform",
            "ignore_vulnerability_alerts_during_read": null,
            "is_template": false,
            "license_template": null,
            "merge_commit_message": "PR_TITLE",
            "merge_commit_title": "MERGE_MESSAGE",
            "name": "first-repo-from-terraform",
            "node_id": "R_kgDOI5YECg",
            "pages": [],
            "private": false,
            "repo_id": 597033994,
            "security_and_analysis": [
              {
                "advanced_security": [],
                "secret_scanning": [
                  {
                    "status": "disabled"
                  }
                ],
                "secret_scanning_push_protection": [
                  {
                    "status": "disabled"
                  }
                ]
              }
            ],
            "squash_merge_commit_message": "COMMIT_MESSAGES",
            "squash_merge_commit_title": "COMMIT_OR_PR_TITLE",
            "ssh_clone_url": "git@github.com:muhammad-asghar-ali/first-repo-from-terraform.git",
            "svn_url": "https://github.com/muhammad-asghar-ali/first-repo-from-terraform",
            "template": [],
            "topics": null,
            "visibility": "public",
            "vulnerability_alerts": false
          },
          "sensitive_attributes": [],
          "private": "eyJzY2hlbWFfdmVyc2lvbiI6IjEifQ=="
        }
      ]
    }
  ],
  "check_results": null
}
