{
  "version": 4,
  "terraform_version": "1.3.7",
  "serial": 5,
  "lineage": "59ebb550-2768-972d-0766-ff3037d5a9de",
  "outputs": {},
  "resources": [
    {
      "mode": "managed",
      "type": "local_file",
      "name": "pet",
      "provider": "provider[\"registry.terraform.io/hashicorp/local\"]",
      "instances": [
        {
          "schema_version": 0,
          "attributes": {
            "content": "you love pets",
            "content_base64": null,
            "directory_permission": "0777",
            "file_permission": "0777",
            "filename": "pets.txt",
            "id": "549ad794203210c33b56bb51b7c0ca4ce49f5783",
            "sensitive_content": null,
            "source": null
          },
          "sensitive_attributes": []
        }
      ]
    },
    {
      "mode": "managed",
      "type": "random_pet",
      "name": "my-pet",
      "provider": "provider[\"registry.terraform.io/hashicorp/random\"]",
      "instances": [
        {
          "schema_version": 0,
          "attributes": {
            "id": "Mrs.airedale",
            "keepers": null,
            "length": 1,
            "prefix": "Mrs",
            "separator": "."
          },
          "sensitive_attributes": []
        }
      ]
    }
  ],
  "check_results": null
}
