{
  "version": 4,
  "terraform_version": "1.3.7",
  "serial": 12,
  "lineage": "59ebb550-2768-972d-0766-ff3037d5a9de",
  "outputs": {
    "pet-name": {
      "value": "Mrs.set.seahorse",
      "type": "string"
    }
  },
  "resources": [
    {
      "mode": "managed",
      "type": "local_file",
      "name": "pet",
      "provider": "provider[\"registry.terraform.io/hashicorp/local\"]",
      "instances": [
        {
          "schema_version": 0,
          "attributes": {
            "content": "you love pets",
            "content_base64": null,
            "directory_permission": "0777",
            "file_permission": "0777",
            "filename": "pets.txt",
            "id": "549ad794203210c33b56bb51b7c0ca4ce49f5783",
            "sensitive_content": null,
            "source": null
          },
          "sensitive_attributes": []
        }
      ]
    },
    {
      "mode": "managed",
      "type": "local_file",
      "name": "pet_resource",
      "provider": "provider[\"registry.terraform.io/hashicorp/local\"]",
      "instances": [
        {
          "schema_version": 0,
          "attributes": {
            "content": "favorite pet is Mrs.set.seahorse",
            "content_base64": null,
            "directory_permission": "0777",
            "file_permission": "0777",
            "filename": "cats",
            "id": "18368ad33b0db6cad3cb467681a2300bc1fb7d85",
            "sensitive_content": null,
            "source": null
          },
          "sensitive_attributes": [],
          "dependencies": [
            "random_pet.my-pet"
          ]
        }
      ]
    },
    {
      "mode": "managed",
      "type": "local_file",
      "name": "pet_resource_expicit",
      "provider": "provider[\"registry.terraform.io/hashicorp/local\"]",
      "instances": [
        {
          "schema_version": 0,
          "attributes": {
            "content": "favorite pet is Mr.dog",
            "content_base64": null,
            "directory_permission": "0777",
            "file_permission": "0777",
            "filename": "dogs",
            "id": "cb55088bcd6193537aec4cecae05ecc112c410f1",
            "sensitive_content": null,
            "source": null
          },
          "sensitive_attributes": [],
          "dependencies": [
            "random_pet.my-pet"
          ]
        }
      ]
    },
    {
      "mode": "managed",
      "type": "random_pet",
      "name": "my-pet",
      "provider": "provider[\"registry.terraform.io/hashicorp/random\"]",
      "instances": [
        {
          "schema_version": 0,
          "attributes": {
            "id": "Mrs.set.seahorse",
            "keepers": null,
            "length": 2,
            "prefix": "Mrs",
            "separator": "."
          },
          "sensitive_attributes": []
        }
      ]
    }
  ],
  "check_results": null
}
